
Microsoft Visual Studio Solution File, Format Version 12.00
# Visual Studio 15
VisualStudioVersion = 15.0.28010.2003
MinimumVisualStudioVersion = 10.0.40219.1
Project("{FAE04EC0-301F-11D3-BF4B-00C04F79EFBC}") = "DoctorIdWeb", "DoctorIdWeb\DoctorIdWeb.csproj", "{5ABFE947-18AD-4609-8C45-98551B87942D}"
EndProject
Project("{FAE04EC0-301F-11D3-BF4B-00C04F79EFBC}") = "DoctorIdWeb.Infraestrutura", "DoctorIdWeb.Infraestrutura\DoctorIdWeb.Infraestrutura.csproj", "{920E4218-5F04-49BD-9370-7D0FBAF71566}"
EndProject
Global
	GlobalSection(SolutionConfigurationPlatforms) = preSolution
		Debug|Any CPU = Debug|Any CPU
		Release|Any CPU = Release|Any CPU
	EndGlobalSection
	GlobalSection(ProjectConfigurationPlatforms) = postSolution
		{5ABFE947-18AD-4609-8C45-98551B87942D}.Debug|Any CPU.ActiveCfg = Debug|Any CPU
		{5ABFE947-18AD-4609-8C45-98551B87942D}.Debug|Any CPU.Build.0 = Debug|Any CPU
		{5ABFE947-18AD-4609-8C45-98551B87942D}.Release|Any CPU.ActiveCfg = Release|Any CPU
		{5ABFE947-18AD-4609-8C45-98551B87942D}.Release|Any CPU.Build.0 = Release|Any CPU
		{920E4218-5F04-49BD-9370-7D0FBAF71566}.Debug|Any CPU.ActiveCfg = Debug|Any CPU
		{920E4218-5F04-49BD-9370-7D0FBAF71566}.Debug|Any CPU.Build.0 = Debug|Any CPU
		{920E4218-5F04-49BD-9370-7D0FBAF71566}.Release|Any CPU.ActiveCfg = Release|Any CPU
		{920E4218-5F04-49BD-9370-7D0FBAF71566}.Release|Any CPU.Build.0 = Release|Any CPU
	EndGlobalSection
	GlobalSection(SolutionProperties) = preSolution
		HideSolutionNode = FALSE
	EndGlobalSection
	GlobalSection(ExtensibilityGlobals) = postSolution
		SolutionGuid = {89F68F94-E6E4-4266-BCC9-8EB33245778D}
	EndGlobalSection
EndGlobal
